
Microsoft Visual Studio Solution File, Format Version 12.00
# Visual Studio Version 17
VisualStudioVersion = 17.4.33213.308
MinimumVisualStudioVersion = 10.0.40219.1
Project("{FAE04EC0-301F-11D3-BF4B-00C04F79EFBC}") = "ConsoleApp33", "ConsoleApp33\ConsoleApp33.csproj", "{3900F08B-7E65-4E23-8941-D18D731655CB}"
EndProject
Global
	GlobalSection(SolutionConfigurationPlatforms) = preSolution
		Debug|Any CPU = Debug|Any CPU
		Release|Any CPU = Release|Any CPU
	EndGlobalSection
	GlobalSection(ProjectConfigurationPlatforms) = postSolution
		{3900F08B-7E65-4E23-8941-D18D731655CB}.Debug|Any CPU.ActiveCfg = Debug|Any CPU
		{3900F08B-7E65-4E23-8941-D18D731655CB}.Debug|Any CPU.Build.0 = Debug|Any CPU
		{3900F08B-7E65-4E23-8941-D18D731655CB}.Release|Any CPU.ActiveCfg = Release|Any CPU
		{3900F08B-7E65-4E23-8941-D18D731655CB}.Release|Any CPU.Build.0 = Release|Any CPU
	EndGlobalSection
	GlobalSection(SolutionProperties) = preSolution
		HideSolutionNode = FALSE
	EndGlobalSection
	GlobalSection(ExtensibilityGlobals) = postSolution
		SolutionGuid = {F92A5531-FE3F-416F-84C8-79A7E7429BBF}
	EndGlobalSection
EndGlobal
